
Microsoft Visual Studio Solution File, Format Version 12.00
# Visual Studio 15
VisualStudioVersion = 15.0.28307.271
MinimumVisualStudioVersion = 10.0.40219.1
Project("{888888A0-9F3D-457C-B088-3A5042F75D52}") = "Research", "Research\Research.pyproj", "{A17922AA-9F32-49FE-B5F6-9DDB13A9446B}"
EndProject
Global
	GlobalSection(SolutionConfigurationPlatforms) = preSolution
		Debug|Any CPU = Debug|Any CPU
		Release|Any CPU = Release|Any CPU
	EndGlobalSection
	GlobalSection(ProjectConfigurationPlatforms) = postSolution
		{A17922AA-9F32-49FE-B5F6-9DDB13A9446B}.Debug|Any CPU.ActiveCfg = Debug|Any CPU
		{A17922AA-9F32-49FE-B5F6-9DDB13A9446B}.Release|Any CPU.ActiveCfg = Release|Any CPU
	EndGlobalSection
	GlobalSection(SolutionProperties) = preSolution
		HideSolutionNode = FALSE
	EndGlobalSection
	GlobalSection(ExtensibilityGlobals) = postSolution
		SolutionGuid = {00148FDE-544B-48F4-ABAC-DF8F28C51F9C}
	EndGlobalSection
EndGlobal
